PODS:
  - Flutter (1.0.0)
  - opengl_texture (0.0.1):
    - Flutter

DEPENDENCIES:
  - Flutter (from `Flutter`)
  - opengl_texture (from `.symlinks/plugins/opengl_texture/ios`)

EXTERNAL SOURCES:
  Flutter:
    :path: Flutter
  opengl_texture:
    :path: ".symlinks/plugins/opengl_texture/ios"

SPEC CHECKSUMS:
  Flutter: f04841e97a9d0b0a8025694d0796dd46242b2854
  opengl_texture: b55cbbec9601fbddcfae9222d946aa2053ff83bb

PODFILE CHECKSUM: 663715e941f9adb426e33bf9376914006f9ea95b

COCOAPODS: 1.11.3
